<?xml version="1.0" encoding="UTF-8"?>
<Scheme LastUpgradeVersion="1500" version="1.7">
   <BuildAction parallelizeBuildables="YES" buildImplicitDependencies="YES">
      <BuildActionEntries>
         <BuildActionEntry buildForTesting="YES" buildForRunning="YES" buildForProfiling="YES" buildForArchiving="YES" buildForAnalyzing="YES">
            <BuildableReference BuildableIdentifier="primary" BlueprintIdentifier="B00000000000000000000001" BuildableName="EmotionTalk.app" BlueprintName="EmotionTalk" ReferencedContainer="container:EmotionTalk.xcodeproj">
            </BuildableReference>
         </BuildActionEntry>
         <BuildActionEntry buildForTesting="YES" buildForRunning="NO" buildForProfiling="NO" buildForArchiving="NO" buildForAnalyzing="NO">
            <BuildableReference BuildableIdentifier="primary" BlueprintIdentifier="B00000000000000000000003" BuildableName="EmotionTalkUITests.xctest" BlueprintName="EmotionTalkUITests" ReferencedContainer="container:EmotionTalk.xcodeproj">
            </BuildableReference>
         </BuildActionEntry>
      </BuildActionEntries>
   </BuildAction>
   <TestAction buildConfiguration="Debug" selectedDebuggerIdentifier="Xcode.DebuggerFoundation.Debugger.LLDB" selectedLauncherIdentifier="Xcode.DebuggerFoundation.Launcher.LLDB" shouldUseLaunchSchemeArgsEnv="YES">
      <Testables>
         <TestableReference skipped="NO" parallelizable="NO">
            <BuildableReference BuildableIdentifier="primary" BlueprintIdentifier="B00000000000000000000003" BuildableName="EmotionTalkUITests.xctest" BlueprintName="EmotionTalkUITests" ReferencedContainer="container:EmotionTalk.xcodeproj">
            </BuildableReference>
         </TestableReference>
      </Testables>
      <MacroExpansion>
         <BuildableReference BuildableIdentifier="primary" BlueprintIdentifier="B00000000000000000000001" BuildableName="EmotionTalk.app" BlueprintName="EmotionTalk" ReferencedContainer="container:EmotionTalk.xcodeproj">
         </BuildableReference>
      </MacroExpansion>
      <EnvironmentVariables>
         <EnvironmentVariable key="EMOTION_TALK_API_BASE_URL" value="http://121.41.92.161/api" isEnabled="YES">
         </EnvironmentVariable>
         <EnvironmentVariable key="EMOTION_TALK_RUN_LIVE_MIC_TEST" value="1" isEnabled="YES">
         </EnvironmentVariable>
      </EnvironmentVariables>
   </TestAction>
   <LaunchAction buildConfiguration="Debug" selectedDebuggerIdentifier="Xcode.DebuggerFoundation.Debugger.LLDB" selectedLauncherIdentifier="Xcode.DebuggerFoundation.Launcher.LLDB" launchStyle="0" useCustomWorkingDirectory="NO" ignoresPersistentStateOnLaunch="NO" debugDocumentVersioning="YES" debugServiceExtension="internal" allowLocationSimulation="YES">
      <BuildableProductRunnable runnableDebuggingMode="0">
         <BuildableReference BuildableIdentifier="primary" BlueprintIdentifier="B00000000000000000000001" BuildableName="EmotionTalk.app" BlueprintName="EmotionTalk" ReferencedContainer="container:EmotionTalk.xcodeproj">
         </BuildableReference>
      </BuildableProductRunnable>
      <EnvironmentVariables>
         <EnvironmentVariable key="EMOTION_TALK_API_BASE_URL" value="http://121.41.92.161/api" isEnabled="YES">
         </EnvironmentVariable>
      </EnvironmentVariables>
   </LaunchAction>
   <ProfileAction buildConfiguration="Release" shouldUseLaunchSchemeArgsEnv="YES" savedToolIdentifier="" useCustomWorkingDirectory="NO" debugDocumentVersioning="YES">
      <BuildableProductRunnable runnableDebuggingMode="0">
         <BuildableReference BuildableIdentifier="primary" BlueprintIdentifier="B00000000000000000000001" BuildableName="EmotionTalk.app" BlueprintName="EmotionTalk" ReferencedContainer="container:EmotionTalk.xcodeproj">
         </BuildableReference>
      </BuildableProductRunnable>
   </ProfileAction>
   <AnalyzeAction buildConfiguration="Debug">
   </AnalyzeAction>
   <ArchiveAction buildConfiguration="Release" revealArchiveInOrganizer="YES">
   </ArchiveAction>
</Scheme>
